// !$*UTF8*$!
{
	archiveVersion = 1;
	classes = {
	};
	objectVersion = 56;
	objects = {

/* Begin PBXBuildFile section */
		EEA8CC902E52335900089C13 /* AuthLoadingView.swift in Sources */ = {isa = PBXBuildFile; fileRef = EEA8CC8F2E52335900089C13 /* AuthLoadingView.swift */; };
		EEA8CC942E52363B00089C13 /* AppleAuthView.swift in Sources */ = {isa = PBXBuildFile; fileRef = EEA8CC932E52363B00089C13 /* AppleAuthView.swift */; };
		EEA8CC962E52369500089C13 /* AppleAuthViewModel.swift in Sources */ = {isa = PBXBuildFile; fileRef = EEA8CC952E52369500089C13 /* AppleAuthViewModel.swift */; };
		EEA8CC982E52372300089C13 /* ProviderToken.swift in Sources */ = {isa = PBXBuildFile; fileRef = EEA8CC972E52372300089C13 /* ProviderToken.swift */; };
		EEA8CC9A2E52375100089C13 /* AuthConstants.swift in Sources */ = {isa = PBXBuildFile; fileRef = EEA8CC992E52375100089C13 /* AuthConstants.swift */; };
		EEA8CC9C2E52379300089C13 /* CryptoNonce.swift in Sources */ = {isa = PBXBuildFile; fileRef = EEA8CC9B2E52379300089C13 /* CryptoNonce.swift */; };
		EEA8CC9E2E5237CD00089C13 /* KeychainHelper.swift in Sources */ = {isa = PBXBuildFile; fileRef = EEA8CC9D2E5237CD00089C13 /* KeychainHelper.swift */; };
		EEA8CCA02E5237F600089C13 /* AppleAuthService.swift in Sources */ = {isa = PBXBuildFile; fileRef = EEA8CC9F2E5237F600089C13 /* AppleAuthService.swift */; };
		EEA8CCA22E523ADB00089C13 /* AuthCoordinator.swift in Sources */ = {isa = PBXBuildFile; fileRef = EEA8CCA12E523ADB00089C13 /* AuthCoordinator.swift */; };
		EEA8CCA42E523B0900089C13 /* AuthNetworking.swift in Sources */ = {isa = PBXBuildFile; fileRef = EEA8CCA32E523B0900089C13 /* AuthNetworking.swift */; };
		EEB321DE2E4CCA7200BD4E77 /* SmartSpendApp.swift in Sources */ = {isa = PBXBuildFile; fileRef = EEB321DD2E4CCA7200BD4E77 /* SmartSpendApp.swift */; };
		EEB321E02E4CCA7200BD4E77 /* ContentView.swift in Sources */ = {isa = PBXBuildFile; fileRef = EEB321DF2E4CCA7200BD4E77 /* ContentView.swift */; };
		EEB321E22E4CCA7400BD4E77 /* Assets.xcassets in Resources */ = {isa = PBXBuildFile; fileRef = EEB321E12E4CCA7400BD4E77 /* Assets.xcassets */; };
		EEB321E52E4CCA7400BD4E77 /* Preview Assets.xcassets in Resources */ = {isa = PBXBuildFile; fileRef = EEB321E42E4CCA7400BD4E77 /* Preview Assets.xcassets */; };
/* End PBXBuildFile section */

/* Begin PBXFileReference section */
		EEA8CC8F2E52335900089C13 /* AuthLoadingView.swift */ = {isa = PBXFileReference; lastKnownFileType = sourcecode.swift; path = AuthLoadingView.swift; sourceTree = "<group>"; };
		EEA8CC932E52363B00089C13 /* AppleAuthView.swift */ = {isa = PBXFileReference; lastKnownFileType = sourcecode.swift; path = AppleAuthView.swift; sourceTree = "<group>"; };
		EEA8CC952E52369500089C13 /* AppleAuthViewModel.swift */ = {isa = PBXFileReference; lastKnownFileType = sourcecode.swift; path = AppleAuthViewModel.swift; sourceTree = "<group>"; };
		EEA8CC972E52372300089C13 /* ProviderToken.swift */ = {isa = PBXFileReference; lastKnownFileType = sourcecode.swift; path = ProviderToken.swift; sourceTree = "<group>"; };
		EEA8CC992E52375100089C13 /* AuthConstants.swift */ = {isa = PBXFileReference; lastKnownFileType = sourcecode.swift; path = AuthConstants.swift; sourceTree = "<group>"; };
		EEA8CC9B2E52379300089C13 /* CryptoNonce.swift */ = {isa = PBXFileReference; lastKnownFileType = sourcecode.swift; path = CryptoNonce.swift; sourceTree = "<group>"; };
		EEA8CC9D2E5237CD00089C13 /* KeychainHelper.swift */ = {isa = PBXFileReference; lastKnownFileType = sourcecode.swift; path = KeychainHelper.swift; sourceTree = "<group>"; };
		EEA8CC9F2E5237F600089C13 /* AppleAuthService.swift */ = {isa = PBXFileReference; lastKnownFileType = sourcecode.swift; path = AppleAuthService.swift; sourceTree = "<group>"; };
		EEA8CCA12E523ADB00089C13 /* AuthCoordinator.swift */ = {isa = PBXFileReference; lastKnownFileType = sourcecode.swift; path = AuthCoordinator.swift; sourceTree = "<group>"; };
		EEA8CCA32E523B0900089C13 /* AuthNetworking.swift */ = {isa = PBXFileReference; lastKnownFileType = sourcecode.swift; path = AuthNetworking.swift; sourceTree = "<group>"; };
		EEB321DA2E4CCA7200BD4E77 /* SmartSpend.app */ = {isa = PBXFileReference; explicitFileType = wrapper.application; includeInIndex = 0; path = SmartSpend.app; sourceTree = BUILT_PRODUCTS_DIR; };
		EEB321DD2E4CCA7200BD4E77 /* SmartSpendApp.swift */ = {isa = PBXFileReference; lastKnownFileType = sourcecode.swift; path = SmartSpendApp.swift; sourceTree = "<group>"; };
		EEB321DF2E4CCA7200BD4E77 /* ContentView.swift */ = {isa = PBXFileReference; lastKnownFileType = sourcecode.swift; path = ContentView.swift; sourceTree = "<group>"; };
		EEB321E12E4CCA7400BD4E77 /* Assets.xcassets */ = {isa = PBXFileReference; lastKnownFileType = folder.assetcatalog; path = Assets.xcassets; sourceTree = "<group>"; };
		EEB321E42E4CCA7400BD4E77 /* Preview Assets.xcassets */ = {isa = PBXFileReference; lastKnownFileType = folder.assetcatalog; path = "Preview Assets.xcassets"; sourceTree = "<group>"; };
/* End PBXFileReference section */

/* Begin PBXFrameworksBuildPhase section */
		EEB321D72E4CCA7200BD4E77 /* Frameworks */ = {
			isa = PBXFrameworksBuildPhase;
			buildActionMask = 2147483647;
			files = (
			);
			runOnlyForDeploymentPostprocessing = 0;
		};
/* End PBXFrameworksBuildPhase section */

/* Begin PBXGroup section */
		EEA8CC872E5231AD00089C13 /* Features */ = {
			isa = PBXGroup;
			children = (
				EEA8CC882E5231C600089C13 /* Auth */,
			);
			path = Features;
			sourceTree = "<group>";
		};
		EEA8CC882E5231C600089C13 /* Auth */ = {
			isa = PBXGroup;
			children = (
				EEA8CC8C2E5232CF00089C13 /* Services */,
				EEA8CC8B2E5232BF00089C13 /* Models */,
				EEA8CC8A2E5232A500089C13 /* ViewModels */,
				EEA8CC892E5231D700089C13 /* Views */,
				EEA8CC992E52375100089C13 /* AuthConstants.swift */,
			);
			path = Auth;
			sourceTree = "<group>";
		};
		EEA8CC892E5231D700089C13 /* Views */ = {
			isa = PBXGroup;
			children = (
				EEA8CC8F2E52335900089C13 /* AuthLoadingView.swift */,
				EEA8CC932E52363B00089C13 /* AppleAuthView.swift */,
			);
			path = Views;
			sourceTree = "<group>";
		};
		EEA8CC8A2E5232A500089C13 /* ViewModels */ = {
			isa = PBXGroup;
			children = (
				EEA8CC952E52369500089C13 /* AppleAuthViewModel.swift */,
			);
			path = ViewModels;
			sourceTree = "<group>";
		};
		EEA8CC8B2E5232BF00089C13 /* Models */ = {
			isa = PBXGroup;
			children = (
				EEA8CC972E52372300089C13 /* ProviderToken.swift */,
			);
			path = Models;
			sourceTree = "<group>";
		};
		EEA8CC8C2E5232CF00089C13 /* Services */ = {
			isa = PBXGroup;
			children = (
				EEA8CC9B2E52379300089C13 /* CryptoNonce.swift */,
				EEA8CC9D2E5237CD00089C13 /* KeychainHelper.swift */,
				EEA8CC9F2E5237F600089C13 /* AppleAuthService.swift */,
				EEA8CCA12E523ADB00089C13 /* AuthCoordinator.swift */,
				EEA8CCA32E523B0900089C13 /* AuthNetworking.swift */,
			);
			path = Services;
			sourceTree = "<group>";
		};
		EEB321D12E4CCA7200BD4E77 = {
			isa = PBXGroup;
			children = (
				EEB321DC2E4CCA7200BD4E77 /* SmartSpend */,
				EEB321DB2E4CCA7200BD4E77 /* Products */,
			);
			sourceTree = "<group>";
		};
		EEB321DB2E4CCA7200BD4E77 /* Products */ = {
			isa = PBXGroup;
			children = (
				EEB321DA2E4CCA7200BD4E77 /* SmartSpend.app */,
			);
			name = Products;
			sourceTree = "<group>";
		};
		EEB321DC2E4CCA7200BD4E77 /* SmartSpend */ = {
			isa = PBXGroup;
			children = (
				EEA8CC872E5231AD00089C13 /* Features */,
				EEB321DD2E4CCA7200BD4E77 /* SmartSpendApp.swift */,
				EEB321DF2E4CCA7200BD4E77 /* ContentView.swift */,
				EEB321E12E4CCA7400BD4E77 /* Assets.xcassets */,
				EEB321E32E4CCA7400BD4E77 /* Preview Content */,
			);
			path = SmartSpend;
			sourceTree = "<group>";
		};
		EEB321E32E4CCA7400BD4E77 /* Preview Content */ = {
			isa = PBXGroup;
			children = (
				EEB321E42E4CCA7400BD4E77 /* Preview Assets.xcassets */,
			);
			path = "Preview Content";
			sourceTree = "<group>";
		};
/* End PBXGroup section */

/* Begin PBXNativeTarget section */
		EEB321D92E4CCA7200BD4E77 /* SmartSpend */ = {
			isa = PBXNativeTarget;
			buildConfigurationList = EEB321E82E4CCA7400BD4E77 /* Build configuration list for PBXNativeTarget "SmartSpend" */;
			buildPhases = (
				EEB321D62E4CCA7200BD4E77 /* Sources */,
				EEB321D72E4CCA7200BD4E77 /* Frameworks */,
				EEB321D82E4CCA7200BD4E77 /* Resources */,
			);
			buildRules = (
			);
			dependencies = (
			);
			name = SmartSpend;
			productName = SmartSpend;
			productReference = EEB321DA2E4CCA7200BD4E77 /* SmartSpend.app */;
			productType = "com.apple.product-type.application";
		};
/* End PBXNativeTarget section */

/* Begin PBXProject section */
		EEB321D22E4CCA7200BD4E77 /* Project object */ = {
			isa = PBXProject;
			attributes = {
				BuildIndependentTargetsInParallel = 1;
				LastSwiftUpdateCheck = 1430;
				LastUpgradeCheck = 1430;
				TargetAttributes = {
					EEB321D92E4CCA7200BD4E77 = {
						CreatedOnToolsVersion = 14.3.1;
					};
				};
			};
			buildConfigurationList = EEB321D52E4CCA7200BD4E77 /* Build configuration list for PBXProject "SmartSpend" */;
			compatibilityVersion = "Xcode 14.0";
			developmentRegion = en;
			hasScannedForEncodings = 0;
			knownRegions = (
				en,
				Base,
			);
			mainGroup = EEB321D12E4CCA7200BD4E77;
			productRefGroup = EEB321DB2E4CCA7200BD4E77 /* Products */;
			projectDirPath = "";
			projectRoot = "";
			targets = (
				EEB321D92E4CCA7200BD4E77 /* SmartSpend */,
			);
		};
/* End PBXProject section */

/* Begin PBXResourcesBuildPhase section */
		EEB321D82E4CCA7200BD4E77 /* Resources */ = {
			isa = PBXResourcesBuildPhase;
			buildActionMask = 2147483647;
			files = (
				EEB321E52E4CCA7400BD4E77 /* Preview Assets.xcassets in Resources */,
				EEB321E22E4CCA7400BD4E77 /* Assets.xcassets in Resources */,
			);
			runOnlyForDeploymentPostprocessing = 0;
		};
/* End PBXResourcesBuildPhase section */

/* Begin PBXSourcesBuildPhase section */
		EEB321D62E4CCA7200BD4E77 /* Sources */ = {
			isa = PBXSourcesBuildPhase;
			buildActionMask = 2147483647;
			files = (
				EEA8CC9C2E52379300089C13 /* CryptoNonce.swift in Sources */,
				EEA8CC982E52372300089C13 /* ProviderToken.swift in Sources */,
				EEA8CC902E52335900089C13 /* AuthLoadingView.swift in Sources */,
				EEA8CC962E52369500089C13 /* AppleAuthViewModel.swift in Sources */,
				EEA8CC9E2E5237CD00089C13 /* KeychainHelper.swift in Sources */,
				EEA8CCA42E523B0900089C13 /* AuthNetworking.swift in Sources */,
				EEA8CC942E52363B00089C13 /* AppleAuthView.swift in Sources */,
				EEA8CCA22E523ADB00089C13 /* AuthCoordinator.swift in Sources */,
				EEB321E02E4CCA7200BD4E77 /* ContentView.swift in Sources */,
				EEB321DE2E4CCA7200BD4E77 /* SmartSpendApp.swift in Sources */,
				EEA8CCA02E5237F600089C13 /* AppleAuthService.swift in Sources */,
				EEA8CC9A2E52375100089C13 /* AuthConstants.swift in Sources */,
			);
			runOnlyForDeploymentPostprocessing = 0;
		};
/* End PBXSourcesBuildPhase section */

/* Begin XCBuildConfiguration section */
		EEB321E62E4CCA7400BD4E77 /* Debug */ = {
			isa = XCBuildConfiguration;
			buildSettings = {
				ALWAYS_SEARCH_USER_PATHS = NO;
				CLANG_ANALYZER_NONNULL = YES;
				CLANG_ANALYZER_NUMBER_OBJECT_CONVERSION = YES_AGGRESSIVE;
				CLANG_CXX_LANGUAGE_STANDARD = "gnu++20";
				CLANG_ENABLE_MODULES = YES;
				CLANG_ENABLE_OBJC_ARC = YES;
				CLANG_ENABLE_OBJC_WEAK = YES;
				CLANG_WARN_BLOCK_CAPTURE_AUTORELEASING = YES;
				CLANG_WARN_BOOL_CONVERSION = YES;
				CLANG_WARN_COMMA = YES;
				CLANG_WARN_CONSTANT_CONVERSION = YES;
				CLANG_WARN_DEPRECATED_OBJC_IMPLEMENTATIONS = YES;
				CLANG_WARN_DIRECT_OBJC_ISA_USAGE = YES_ERROR;
				CLANG_WARN_DOCUMENTATION_COMMENTS = YES;
				CLANG_WARN_EMPTY_BODY = YES;
				CLANG_WARN_ENUM_CONVERSION = YES;
				CLANG_WARN_INFINITE_RECURSION = YES;
				CLANG_WARN_INT_CONVERSION = YES;
				CLANG_WARN_NON_LITERAL_NULL_CONVERSION = YES;
				CLANG_WARN_OBJC_IMPLICIT_RETAIN_SELF = YES;
				CLANG_WARN_OBJC_LITERAL_CONVERSION = YES;
				CLANG_WARN_OBJC_ROOT_CLASS = YES_ERROR;
				CLANG_WARN_QUOTED_INCLUDE_IN_FRAMEWORK_HEADER = YES;
				CLANG_WARN_RANGE_LOOP_ANALYSIS = YES;
				CLANG_WARN_STRICT_PROTOTYPES = YES;
				CLANG_WARN_SUSPICIOUS_MOVE = YES;
				CLANG_WARN_UNGUARDED_AVAILABILITY = YES_AGGRESSIVE;
				CLANG_WARN_UNREACHABLE_CODE = YES;
				CLANG_WARN__DUPLICATE_METHOD_MATCH = YES;
				COPY_PHASE_STRIP = NO;
				DEBUG_INFORMATION_FORMAT = dwarf;
				ENABLE_STRICT_OBJC_MSGSEND = YES;
				ENABLE_TESTABILITY = YES;
				GCC_C_LANGUAGE_STANDARD = gnu11;
				GCC_DYNAMIC_NO_PIC = NO;
				GCC_NO_COMMON_BLOCKS = YES;
				GCC_OPTIMIZATION_LEVEL = 0;
				GCC_PREPROCESSOR_DEFINITIONS = (
					"DEBUG=1",
					"$(inherited)",
				);
				GCC_WARN_64_TO_32_BIT_CONVERSION = YES;
				GCC_WARN_ABOUT_RETURN_TYPE = YES_ERROR;
				GCC_WARN_UNDECLARED_SELECTOR = YES;
				GCC_WARN_UNINITIALIZED_AUTOS = YES_AGGRESSIVE;
				GCC_WARN_UNUSED_FUNCTION = YES;
				GCC_WARN_UNUSED_VARIABLE = YES;
				IPHONEOS_DEPLOYMENT_TARGET = 16.4;
				MTL_ENABLE_DEBUG_INFO = INCLUDE_SOURCE;
				MTL_FAST_MATH = YES;
				ONLY_ACTIVE_ARCH = YES;
				SDKROOT = iphoneos;
				SWIFT_ACTIVE_COMPILATION_CONDITIONS = DEBUG;
				SWIFT_OPTIMIZATION_LEVEL = "-Onone";
			};
			name = Debug;
		};
		EEB321E72E4CCA7400BD4E77 /* Release */ = {
			isa = XCBuildConfiguration;
			buildSettings = {
				ALWAYS_SEARCH_USER_PATHS = NO;
				CLANG_ANALYZER_NONNULL = YES;
				CLANG_ANALYZER_NUMBER_OBJECT_CONVERSION = YES_AGGRESSIVE;
				CLANG_CXX_LANGUAGE_STANDARD = "gnu++20";
				CLANG_ENABLE_MODULES = YES;
				CLANG_ENABLE_OBJC_ARC = YES;
				CLANG_ENABLE_OBJC_WEAK = YES;
				CLANG_WARN_BLOCK_CAPTURE_AUTORELEASING = YES;
				CLANG_WARN_BOOL_CONVERSION = YES;
				CLANG_WARN_COMMA = YES;
				CLANG_WARN_CONSTANT_CONVERSION = YES;
				CLANG_WARN_DEPRECATED_OBJC_IMPLEMENTATIONS = YES;
				CLANG_WARN_DIRECT_OBJC_ISA_USAGE = YES_ERROR;
				CLANG_WARN_DOCUMENTATION_COMMENTS = YES;
				CLANG_WARN_EMPTY_BODY = YES;
				CLANG_WARN_ENUM_CONVERSION = YES;
				CLANG_WARN_INFINITE_RECURSION = YES;
				CLANG_WARN_INT_CONVERSION = YES;
				CLANG_WARN_NON_LITERAL_NULL_CONVERSION = YES;
				CLANG_WARN_OBJC_IMPLICIT_RETAIN_SELF = YES;
				CLANG_WARN_OBJC_LITERAL_CONVERSION = YES;
				CLANG_WARN_OBJC_ROOT_CLASS = YES_ERROR;
				CLANG_WARN_QUOTED_INCLUDE_IN_FRAMEWORK_HEADER = YES;
				CLANG_WARN_RANGE_LOOP_ANALYSIS = YES;
				CLANG_WARN_STRICT_PROTOTYPES = YES;
				CLANG_WARN_SUSPICIOUS_MOVE = YES;
				CLANG_WARN_UNGUARDED_AVAILABILITY = YES_AGGRESSIVE;
				CLANG_WARN_UNREACHABLE_CODE = YES;
				CLANG_WARN__DUPLICATE_METHOD_MATCH = YES;
				COPY_PHASE_STRIP = NO;
				DEBUG_INFORMATION_FORMAT = "dwarf-with-dsym";
				ENABLE_NS_ASSERTIONS = NO;
				ENABLE_STRICT_OBJC_MSGSEND = YES;
				GCC_C_LANGUAGE_STANDARD = gnu11;
				GCC_NO_COMMON_BLOCKS = YES;
				GCC_WARN_64_TO_32_BIT_CONVERSION = YES;
				GCC_WARN_ABOUT_RETURN_TYPE = YES_ERROR;
				GCC_WARN_UNDECLARED_SELECTOR = YES;
				GCC_WARN_UNINITIALIZED_AUTOS = YES_AGGRESSIVE;
				GCC_WARN_UNUSED_FUNCTION = YES;
				GCC_WARN_UNUSED_VARIABLE = YES;
				IPHONEOS_DEPLOYMENT_TARGET = 16.4;
				MTL_ENABLE_DEBUG_INFO = NO;
				MTL_FAST_MATH = YES;
				SDKROOT = iphoneos;
				SWIFT_COMPILATION_MODE = wholemodule;
				SWIFT_OPTIMIZATION_LEVEL = "-O";
				VALIDATE_PRODUCT = YES;
			};
			name = Release;
		};
		EEB321E92E4CCA7400BD4E77 /* Debug */ = {
			isa = XCBuildConfiguration;
			buildSettings = {
				ASSETCATALOG_COMPILER_APPICON_NAME = AppIcon;
				ASSETCATALOG_COMPILER_GLOBAL_ACCENT_COLOR_NAME = AccentColor;
				CODE_SIGN_STYLE = Automatic;
				CURRENT_PROJECT_VERSION = 1;
				DEVELOPMENT_ASSET_PATHS = "\"SmartSpend/Preview Content\"";
				ENABLE_PREVIEWS = YES;
				GENERATE_INFOPLIST_FILE = YES;
				INFOPLIST_KEY_UIApplicationSceneManifest_Generation = YES;
				INFOPLIST_KEY_UIApplicationSupportsIndirectInputEvents = YES;
				INFOPLIST_KEY_UILaunchScreen_Generation = YES;
				INFOPLIST_KEY_UISupportedInterfaceOrientations_iPad = "UIInterfaceOrientationPortrait UIInterfaceOrientationPortraitUpsideDown UIInterfaceOrientationLandscapeLeft UIInterfaceOrientationLandscapeRight";
				INFOPLIST_KEY_UISupportedInterfaceOrientations_iPhone = "UIInterfaceOrientationPortrait UIInterfaceOrientationLandscapeLeft UIInterfaceOrientationLandscapeRight";
				LD_RUNPATH_SEARCH_PATHS = (
					"$(inherited)",
					"@executable_path/Frameworks",
				);
				MARKETING_VERSION = 1.0;
				PRODUCT_BUNDLE_IDENTIFIER = com.SmartSpend.SmartSpend;
				PRODUCT_NAME = "$(TARGET_NAME)";
				SWIFT_EMIT_LOC_STRINGS = YES;
				SWIFT_VERSION = 5.0;
				TARGETED_DEVICE_FAMILY = "1,2";
			};
			name = Debug;
		};
		EEB321EA2E4CCA7400BD4E77 /* Release */ = {
			isa = XCBuildConfiguration;
			buildSettings = {
				ASSETCATALOG_COMPILER_APPICON_NAME = AppIcon;
				ASSETCATALOG_COMPILER_GLOBAL_ACCENT_COLOR_NAME = AccentColor;
				CODE_SIGN_STYLE = Automatic;
				CURRENT_PROJECT_VERSION = 1;
				DEVELOPMENT_ASSET_PATHS = "\"SmartSpend/Preview Content\"";
				ENABLE_PREVIEWS = YES;
				GENERATE_INFOPLIST_FILE = YES;
				INFOPLIST_KEY_UIApplicationSceneManifest_Generation = YES;
				INFOPLIST_KEY_UIApplicationSupportsIndirectInputEvents = YES;
				INFOPLIST_KEY_UILaunchScreen_Generation = YES;
				INFOPLIST_KEY_UISupportedInterfaceOrientations_iPad = "UIInterfaceOrientationPortrait UIInterfaceOrientationPortraitUpsideDown UIInterfaceOrientationLandscapeLeft UIInterfaceOrientationLandscapeRight";
				INFOPLIST_KEY_UISupportedInterfaceOrientations_iPhone = "UIInterfaceOrientationPortrait UIInterfaceOrientationLandscapeLeft UIInterfaceOrientationLandscapeRight";
				LD_RUNPATH_SEARCH_PATHS = (
					"$(inherited)",
					"@executable_path/Frameworks",
				);
				MARKETING_VERSION = 1.0;
				PRODUCT_BUNDLE_IDENTIFIER = com.SmartSpend.SmartSpend;
				PRODUCT_NAME = "$(TARGET_NAME)";
				SWIFT_EMIT_LOC_STRINGS = YES;
				SWIFT_VERSION = 5.0;
				TARGETED_DEVICE_FAMILY = "1,2";
			};
			name = Release;
		};
/* End XCBuildConfiguration section */

/* Begin XCConfigurationList section */
		EEB321D52E4CCA7200BD4E77 /* Build configuration list for PBXProject "SmartSpend" */ = {
			isa = XCConfigurationList;
			buildConfigurations = (
				EEB321E62E4CCA7400BD4E77 /* Debug */,
				EEB321E72E4CCA7400BD4E77 /* Release */,
			);
			defaultConfigurationIsVisible = 0;
			defaultConfigurationName = Release;
		};
		EEB321E82E4CCA7400BD4E77 /* Build configuration list for PBXNativeTarget "SmartSpend" */ = {
			isa = XCConfigurationList;
			buildConfigurations = (
				EEB321E92E4CCA7400BD4E77 /* Debug */,
				EEB321EA2E4CCA7400BD4E77 /* Release */,
			);
			defaultConfigurationIsVisible = 0;
			defaultConfigurationName = Release;
		};
/* End XCConfigurationList section */
	};
	rootObject = EEB321D22E4CCA7200BD4E77 /* Project object */;
}
